
Microsoft Visual Studio Solution File, Format Version 12.00
# Visual Studio Version 17
VisualStudioVersion = 17.14.37628.2 d17.14
MinimumVisualStudioVersion = 10.0.40219.1
Project("{FAE04EC0-301F-11D3-BF4B-00C04F79EFBC}") = "Naxora", "Naxora\Naxora.csproj", "{BA22C07E-54FA-4F82-BB84-D1CC82BB2362}"
EndProject
Global
	GlobalSection(SolutionConfigurationPlatforms) = preSolution
		Debug|Any CPU = Debug|Any CPU
		Release|Any CPU = Release|Any CPU
	EndGlobalSection
	GlobalSection(ProjectConfigurationPlatforms) = postSolution
		{BA22C07E-54FA-4F82-BB84-D1CC82BB2362}.Debug|Any CPU.ActiveCfg = Debug|Any CPU
		{BA22C07E-54FA-4F82-BB84-D1CC82BB2362}.Debug|Any CPU.Build.0 = Debug|Any CPU
		{BA22C07E-54FA-4F82-BB84-D1CC82BB2362}.Release|Any CPU.ActiveCfg = Release|Any CPU
		{BA22C07E-54FA-4F82-BB84-D1CC82BB2362}.Release|Any CPU.Build.0 = Release|Any CPU
	EndGlobalSection
	GlobalSection(SolutionProperties) = preSolution
		HideSolutionNode = FALSE
	EndGlobalSection
	GlobalSection(ExtensibilityGlobals) = postSolution
		SolutionGuid = {A715FF87-516D-4D90-B2F6-53DC4F7389FB}
	EndGlobalSection
EndGlobal
